// !$*UTF8*$!
{
	archiveVersion = 1;
	classes = {
	};
	objectVersion = 48;
	objects = {

/* Begin PBXBuildFile section */
		9F0D2DF01FE5B0150073CC10 /* Abraham.ttf in Resources */ = {isa = PBXBuildFile; fileRef = 9F0D2DEF1FE5B0150073CC10 /* Abraham.ttf */; };
		9F0D2DF21FE5B0970073CC10 /* theboldfont.ttf in Resources */ = {isa = PBXBuildFile; fileRef = 9F0D2DF11FE5B0970073CC10 /* theboldfont.ttf */; };
		9F0D2DF41FE5B3DF0073CC10 /* Font.swift in Sources */ = {isa = PBXBuildFile; fileRef = 9F0D2DF31FE5B3DF0073CC10 /* Font.swift */; };
		9F345DEA1FE3BE3400523419 /* GameOverScene.swift in Sources */ = {isa = PBXBuildFile; fileRef = 9F345DE91FE3BE3400523419 /* GameOverScene.swift */; };
		9F8655C01FE2E3A000C4894E /* explosion.wav in Resources */ = {isa = PBXBuildFile; fileRef = 9F8655BF1FE2E3A000C4894E /* explosion.wav */; };
		9F929E2B1FE3CD86004BEA74 /* gameover.mp3 in Resources */ = {isa = PBXBuildFile; fileRef = 9F929E2A1FE3CD86004BEA74 /* gameover.mp3 */; };
		9F929E2D1FE3E412004BEA74 /* MainMenuScene.swift in Sources */ = {isa = PBXBuildFile; fileRef = 9F929E2C1FE3E412004BEA74 /* MainMenuScene.swift */; };
		9F929E2F1FE3E595004BEA74 /* menusound.wav in Resources */ = {isa = PBXBuildFile; fileRef = 9F929E2E1FE3E595004BEA74 /* menusound.wav */; };
		9FD7A9AF1FE034AB00FA8227 /* AppDelegate.swift in Sources */ = {isa = PBXBuildFile; fileRef = 9FD7A9AE1FE034AB00FA8227 /* AppDelegate.swift */; };
		9FD7A9B11FE034AB00FA8227 /* GameScene.sks in Resources */ = {isa = PBXBuildFile; fileRef = 9FD7A9B01FE034AB00FA8227 /* GameScene.sks */; };
		9FD7A9B31FE034AB00FA8227 /* Actions.sks in Resources */ = {isa = PBXBuildFile; fileRef = 9FD7A9B21FE034AB00FA8227 /* Actions.sks */; };
		9FD7A9B51FE034AB00FA8227 /* GameScene.swift in Sources */ = {isa = PBXBuildFile; fileRef = 9FD7A9B41FE034AB00FA8227 /* GameScene.swift */; };
		9FD7A9B71FE034AB00FA8227 /* GameViewController.swift in Sources */ = {isa = PBXBuildFile; fileRef = 9FD7A9B61FE034AB00FA8227 /* GameViewController.swift */; };
		9FD7A9BA1FE034AB00FA8227 /* Main.storyboard in Resources */ = {isa = PBXBuildFile; fileRef = 9FD7A9B81FE034AB00FA8227 /* Main.storyboard */; };
		9FD7A9BC1FE034AB00FA8227 /* Assets.xcassets in Resources */ = {isa = PBXBuildFile; fileRef = 9FD7A9BB1FE034AB00FA8227 /* Assets.xcassets */; };
		9FD7A9BF1FE034AB00FA8227 /* LaunchScreen.storyboard in Resources */ = {isa = PBXBuildFile; fileRef = 9FD7A9BD1FE034AB00FA8227 /* LaunchScreen.storyboard */; };
		9FD7A9E31FE05F6200FA8227 /* laserbeam.wav in Resources */ = {isa = PBXBuildFile; fileRef = 9FD7A9E21FE05F6100FA8227 /* laserbeam.wav */; };
/* End PBXBuildFile section */

/* Begin PBXFileReference section */
		9F0D2DEF1FE5B0150073CC10 /* Abraham.ttf */ = {isa = PBXFileReference; lastKnownFileType = file; path = Abraham.ttf; sourceTree = "<group>"; };
		9F0D2DF11FE5B0970073CC10 /* theboldfont.ttf */ = {isa = PBXFileReference; lastKnownFileType = file; name = theboldfont.ttf; path = ../../../../../Downloads/theboldfont.ttf; sourceTree = "<group>"; };
		9F0D2DF31FE5B3DF0073CC10 /* Font.swift */ = {isa = PBXFileReference; lastKnownFileType = sourcecode.swift; path = Font.swift; sourceTree = "<group>"; };
		9F345DE91FE3BE3400523419 /* GameOverScene.swift */ = {isa = PBXFileReference; lastKnownFileType = sourcecode.swift; path = GameOverScene.swift; sourceTree = "<group>"; };
		9F8655BF1FE2E3A000C4894E /* explosion.wav */ = {isa = PBXFileReference; lastKnownFileType = audio.wav; path = explosion.wav; sourceTree = "<group>"; };
		9F929E2A1FE3CD86004BEA74 /* gameover.mp3 */ = {isa = PBXFileReference; lastKnownFileType = audio.mp3; path = gameover.mp3; sourceTree = "<group>"; };
		9F929E2C1FE3E412004BEA74 /* MainMenuScene.swift */ = {isa = PBXFileReference; lastKnownFileType = sourcecode.swift; path = MainMenuScene.swift; sourceTree = "<group>"; };
		9F929E2E1FE3E595004BEA74 /* menusound.wav */ = {isa = PBXFileReference; lastKnownFileType = audio.wav; path = menusound.wav; sourceTree = "<group>"; };
		9FD7A9AB1FE034AB00FA8227 /* SpaceDestroyer.app */ = {isa = PBXFileReference; explicitFileType = wrapper.application; includeInIndex = 0; path = SpaceDestroyer.app; sourceTree = BUILT_PRODUCTS_DIR; };
		9FD7A9AE1FE034AB00FA8227 /* AppDelegate.swift */ = {isa = PBXFileReference; lastKnownFileType = sourcecode.swift; path = AppDelegate.swift; sourceTree = "<group>"; };
		9FD7A9B01FE034AB00FA8227 /* GameScene.sks */ = {isa = PBXFileReference; lastKnownFileType = file.sks; path = GameScene.sks; sourceTree = "<group>"; };
		9FD7A9B21FE034AB00FA8227 /* Actions.sks */ = {isa = PBXFileReference; lastKnownFileType = file.sks; path = Actions.sks; sourceTree = "<group>"; };
		9FD7A9B41FE034AB00FA8227 /* GameScene.swift */ = {isa = PBXFileReference; lastKnownFileType = sourcecode.swift; path = GameScene.swift; sourceTree = "<group>"; };
		9FD7A9B61FE034AB00FA8227 /* GameViewController.swift */ = {isa = PBXFileReference; lastKnownFileType = sourcecode.swift; path = GameViewController.swift; sourceTree = "<group>"; };
		9FD7A9B91FE034AB00FA8227 /* Base */ = {isa = PBXFileReference; lastKnownFileType = file.storyboard; name = Base; path = Base.lproj/Main.storyboard; sourceTree = "<group>"; };
		9FD7A9BB1FE034AB00FA8227 /* Assets.xcassets */ = {isa = PBXFileReference; lastKnownFileType = folder.assetcatalog; path = Assets.xcassets; sourceTree = "<group>"; };
		9FD7A9BE1FE034AB00FA8227 /* Base */ = {isa = PBXFileReference; lastKnownFileType = file.storyboard; name = Base; path = Base.lproj/LaunchScreen.storyboard; sourceTree = "<group>"; };
		9FD7A9C01FE034AB00FA8227 /* Info.plist */ = {isa = PBXFileReference; lastKnownFileType = text.plist.xml; path = Info.plist; sourceTree = "<group>"; };
		9FD7A9E21FE05F6100FA8227 /* laserbeam.wav */ = {isa = PBXFileReference; lastKnownFileType = audio.wav; path = laserbeam.wav; sourceTree = "<group>"; };
/* End PBXFileReference section */

/* Begin PBXFrameworksBuildPhase section */
		9FD7A9A81FE034AB00FA8227 /* Frameworks */ = {
			isa = PBXFrameworksBuildPhase;
			buildActionMask = 2147483647;
			files = (
			);
			runOnlyForDeploymentPostprocessing = 0;
		};
/* End PBXFrameworksBuildPhase section */

/* Begin PBXGroup section */
		9F0D2DEA1FE5AFF00073CC10 /* Resources */ = {
			isa = PBXGroup;
			children = (
				9F0D2DEC1FE5AFFB0073CC10 /* Fonts */,
				9F0D2DEB1FE5AFF70073CC10 /* Sounds */,
			);
			path = Resources;
			sourceTree = "<group>";
		};
		9F0D2DEB1FE5AFF70073CC10 /* Sounds */ = {
			isa = PBXGroup;
			children = (
				9FD7A9E21FE05F6100FA8227 /* laserbeam.wav */,
				9F8655BF1FE2E3A000C4894E /* explosion.wav */,
				9F929E2A1FE3CD86004BEA74 /* gameover.mp3 */,
				9F929E2E1FE3E595004BEA74 /* menusound.wav */,
			);
			path = Sounds;
			sourceTree = "<group>";
		};
		9F0D2DEC1FE5AFFB0073CC10 /* Fonts */ = {
			isa = PBXGroup;
			children = (
				9F0D2DF11FE5B0970073CC10 /* theboldfont.ttf */,
				9F0D2DEF1FE5B0150073CC10 /* Abraham.ttf */,
			);
			path = Fonts;
			sourceTree = "<group>";
		};
		9FD7A9A21FE034AB00FA8227 = {
			isa = PBXGroup;
			children = (
				9FD7A9AD1FE034AB00FA8227 /* SpaceDestroyer */,
				9FD7A9AC1FE034AB00FA8227 /* Products */,
			);
			sourceTree = "<group>";
		};
		9FD7A9AC1FE034AB00FA8227 /* Products */ = {
			isa = PBXGroup;
			children = (
				9FD7A9AB1FE034AB00FA8227 /* SpaceDestroyer.app */,
			);
			name = Products;
			sourceTree = "<group>";
		};
		9FD7A9AD1FE034AB00FA8227 /* SpaceDestroyer */ = {
			isa = PBXGroup;
			children = (
				9F0D2DEA1FE5AFF00073CC10 /* Resources */,
				9FD7A9AE1FE034AB00FA8227 /* AppDelegate.swift */,
				9FD7A9B01FE034AB00FA8227 /* GameScene.sks */,
				9FD7A9B21FE034AB00FA8227 /* Actions.sks */,
				9FD7A9B41FE034AB00FA8227 /* GameScene.swift */,
				9F929E2C1FE3E412004BEA74 /* MainMenuScene.swift */,
				9F345DE91FE3BE3400523419 /* GameOverScene.swift */,
				9FD7A9B61FE034AB00FA8227 /* GameViewController.swift */,
				9F0D2DF31FE5B3DF0073CC10 /* Font.swift */,
				9FD7A9B81FE034AB00FA8227 /* Main.storyboard */,
				9FD7A9BB1FE034AB00FA8227 /* Assets.xcassets */,
				9FD7A9BD1FE034AB00FA8227 /* LaunchScreen.storyboard */,
				9FD7A9C01FE034AB00FA8227 /* Info.plist */,
			);
			path = SpaceDestroyer;
			sourceTree = "<group>";
		};
/* End PBXGroup section */

/* Begin PBXNativeTarget section */
		9FD7A9AA1FE034AB00FA8227 /* SpaceDestroyer */ = {
			isa = PBXNativeTarget;
			buildConfigurationList = 9FD7A9D91FE034AB00FA8227 /* Build configuration list for PBXNativeTarget "SpaceDestroyer" */;
			buildPhases = (
				9FD7A9A71FE034AB00FA8227 /* Sources */,
				9FD7A9A81FE034AB00FA8227 /* Frameworks */,
				9FD7A9A91FE034AB00FA8227 /* Resources */,
				9F4DBA981FE5BD0D00EEA8CA /* ShellScript */,
			);
			buildRules = (
			);
			dependencies = (
			);
			name = SpaceDestroyer;
			productName = SpaceDestroyer;
			productReference = 9FD7A9AB1FE034AB00FA8227 /* SpaceDestroyer.app */;
			productType = "com.apple.product-type.application";
		};
/* End PBXNativeTarget section */

/* Begin PBXProject section */
		9FD7A9A31FE034AB00FA8227 /* Project object */ = {
			isa = PBXProject;
			attributes = {
				LastSwiftUpdateCheck = 0920;
				LastUpgradeCheck = 0920;
				ORGANIZATIONNAME = "Ohad Stavi";
				TargetAttributes = {
					9FD7A9AA1FE034AB00FA8227 = {
						CreatedOnToolsVersion = 9.2;
						ProvisioningStyle = Automatic;
					};
				};
			};
			buildConfigurationList = 9FD7A9A61FE034AB00FA8227 /* Build configuration list for PBXProject "SpaceDestroyer" */;
			compatibilityVersion = "Xcode 8.0";
			developmentRegion = en;
			hasScannedForEncodings = 0;
			knownRegions = (
				en,
				Base,
			);
			mainGroup = 9FD7A9A21FE034AB00FA8227;
			productRefGroup = 9FD7A9AC1FE034AB00FA8227 /* Products */;
			projectDirPath = "";
			projectRoot = "";
			targets = (
				9FD7A9AA1FE034AB00FA8227 /* SpaceDestroyer */,
			);
		};
/* End PBXProject section */

/* Begin PBXResourcesBuildPhase section */
		9FD7A9A91FE034AB00FA8227 /* Resources */ = {
			isa = PBXResourcesBuildPhase;
			buildActionMask = 2147483647;
			files = (
				9FD7A9BA1FE034AB00FA8227 /* Main.storyboard in Resources */,
				9FD7A9B11FE034AB00FA8227 /* GameScene.sks in Resources */,
				9F8655C01FE2E3A000C4894E /* explosion.wav in Resources */,
				9F929E2F1FE3E595004BEA74 /* menusound.wav in Resources */,
				9FD7A9BC1FE034AB00FA8227 /* Assets.xcassets in Resources */,
				9FD7A9E31FE05F6200FA8227 /* laserbeam.wav in Resources */,
				9FD7A9BF1FE034AB00FA8227 /* LaunchScreen.storyboard in Resources */,
				9F0D2DF21FE5B0970073CC10 /* theboldfont.ttf in Resources */,
				9FD7A9B31FE034AB00FA8227 /* Actions.sks in Resources */,
				9F0D2DF01FE5B0150073CC10 /* Abraham.ttf in Resources */,
				9F929E2B1FE3CD86004BEA74 /* gameover.mp3 in Resources */,
			);
			runOnlyForDeploymentPostprocessing = 0;
		};
/* End PBXResourcesBuildPhase section */

/* Begin PBXShellScriptBuildPhase section */
		9F4DBA981FE5BD0D00EEA8CA /* ShellScript */ = {
			isa = PBXShellScriptBuildPhase;
			buildActionMask = 2147483647;
			files = (
			);
			inputPaths = (
			);
			outputPaths = (
			);
			runOnlyForDeploymentPostprocessing = 0;
			shellPath = /bin/sh;
			shellScript = "if which swiftlint >/dev/null; then\nswiftlint\nelse\necho \"warning: SwiftLint not installed, download from https://github.com/realm/SwiftLint\"\nfi";
		};
/* End PBXShellScriptBuildPhase section */

/* Begin PBXSourcesBuildPhase section */
		9FD7A9A71FE034AB00FA8227 /* Sources */ = {
			isa = PBXSourcesBuildPhase;
			buildActionMask = 2147483647;
			files = (
				9F929E2D1FE3E412004BEA74 /* MainMenuScene.swift in Sources */,
				9FD7A9B51FE034AB00FA8227 /* GameScene.swift in Sources */,
				9F0D2DF41FE5B3DF0073CC10 /* Font.swift in Sources */,
				9FD7A9B71FE034AB00FA8227 /* GameViewController.swift in Sources */,
				9F345DEA1FE3BE3400523419 /* GameOverScene.swift in Sources */,
				9FD7A9AF1FE034AB00FA8227 /* AppDelegate.swift in Sources */,
			);
			runOnlyForDeploymentPostprocessing = 0;
		};
/* End PBXSourcesBuildPhase section */

/* Begin PBXVariantGroup section */
		9FD7A9B81FE034AB00FA8227 /* Main.storyboard */ = {
			isa = PBXVariantGroup;
			children = (
				9FD7A9B91FE034AB00FA8227 /* Base */,
			);
			name = Main.storyboard;
			sourceTree = "<group>";
		};
		9FD7A9BD1FE034AB00FA8227 /* LaunchScreen.storyboard */ = {
			isa = PBXVariantGroup;
			children = (
				9FD7A9BE1FE034AB00FA8227 /* Base */,
			);
			name = LaunchScreen.storyboard;
			sourceTree = "<group>";
		};
/* End PBXVariantGroup section */

/* Begin XCBuildConfiguration section */
		9FD7A9D71FE034AB00FA8227 /* Debug */ = {
			isa = XCBuildConfiguration;
			buildSettings = {
				ALWAYS_SEARCH_USER_PATHS = NO;
				CLANG_ANALYZER_NONNULL = YES;
				CLANG_ANALYZER_NUMBER_OBJECT_CONVERSION = YES_AGGRESSIVE;
				CLANG_CXX_LANGUAGE_STANDARD = "gnu++14";
				CLANG_CXX_LIBRARY = "libc++";
				CLANG_ENABLE_MODULES = YES;
				CLANG_ENABLE_OBJC_ARC = YES;
				CLANG_WARN_BLOCK_CAPTURE_AUTORELEASING = YES;
				CLANG_WARN_BOOL_CONVERSION = YES;
				CLANG_WARN_COMMA = YES;
				CLANG_WARN_CONSTANT_CONVERSION = YES;
				CLANG_WARN_DIRECT_OBJC_ISA_USAGE = YES_ERROR;
				CLANG_WARN_DOCUMENTATION_COMMENTS = YES;
				CLANG_WARN_EMPTY_BODY = YES;
				CLANG_WARN_ENUM_CONVERSION = YES;
				CLANG_WARN_INFINITE_RECURSION = YES;
				CLANG_WARN_INT_CONVERSION = YES;
				CLANG_WARN_NON_LITERAL_NULL_CONVERSION = YES;
				CLANG_WARN_OBJC_LITERAL_CONVERSION = YES;
				CLANG_WARN_OBJC_ROOT_CLASS = YES_ERROR;
				CLANG_WARN_RANGE_LOOP_ANALYSIS = YES;
				CLANG_WARN_STRICT_PROTOTYPES = YES;
				CLANG_WARN_SUSPICIOUS_MOVE = YES;
				CLANG_WARN_UNGUARDED_AVAILABILITY = YES_AGGRESSIVE;
				CLANG_WARN_UNREACHABLE_CODE = YES;
				CLANG_WARN__DUPLICATE_METHOD_MATCH = YES;
				CODE_SIGN_IDENTITY = "iPhone Developer";
				COPY_PHASE_STRIP = NO;
				DEBUG_INFORMATION_FORMAT = dwarf;
				ENABLE_STRICT_OBJC_MSGSEND = YES;
				ENABLE_TESTABILITY = YES;
				GCC_C_LANGUAGE_STANDARD = gnu11;
				GCC_DYNAMIC_NO_PIC = NO;
				GCC_NO_COMMON_BLOCKS = YES;
				GCC_OPTIMIZATION_LEVEL = 0;
				GCC_PREPROCESSOR_DEFINITIONS = (
					"DEBUG=1",
					"$(inherited)",
				);
				GCC_WARN_64_TO_32_BIT_CONVERSION = YES;
				GCC_WARN_ABOUT_RETURN_TYPE = YES_ERROR;
				GCC_WARN_UNDECLARED_SELECTOR = YES;
				GCC_WARN_UNINITIALIZED_AUTOS = YES_AGGRESSIVE;
				GCC_WARN_UNUSED_FUNCTION = YES;
				GCC_WARN_UNUSED_VARIABLE = YES;
				IPHONEOS_DEPLOYMENT_TARGET = 11.2;
				MTL_ENABLE_DEBUG_INFO = YES;
				ONLY_ACTIVE_ARCH = YES;
				SDKROOT = iphoneos;
				SWIFT_ACTIVE_COMPILATION_CONDITIONS = DEBUG;
				SWIFT_OPTIMIZATION_LEVEL = "-Onone";
			};
			name = Debug;
		};
		9FD7A9D81FE034AB00FA8227 /* Release */ = {
			isa = XCBuildConfiguration;
			buildSettings = {
				ALWAYS_SEARCH_USER_PATHS = NO;
				CLANG_ANALYZER_NONNULL = YES;
				CLANG_ANALYZER_NUMBER_OBJECT_CONVERSION = YES_AGGRESSIVE;
				CLANG_CXX_LANGUAGE_STANDARD = "gnu++14";
				CLANG_CXX_LIBRARY = "libc++";
				CLANG_ENABLE_MODULES = YES;
				CLANG_ENABLE_OBJC_ARC = YES;
				CLANG_WARN_BLOCK_CAPTURE_AUTORELEASING = YES;
				CLANG_WARN_BOOL_CONVERSION = YES;
				CLANG_WARN_COMMA = YES;
				CLANG_WARN_CONSTANT_CONVERSION = YES;
				CLANG_WARN_DIRECT_OBJC_ISA_USAGE = YES_ERROR;
				CLANG_WARN_DOCUMENTATION_COMMENTS = YES;
				CLANG_WARN_EMPTY_BODY = YES;
				CLANG_WARN_ENUM_CONVERSION = YES;
				CLANG_WARN_INFINITE_RECURSION = YES;
				CLANG_WARN_INT_CONVERSION = YES;
				CLANG_WARN_NON_LITERAL_NULL_CONVERSION = YES;
				CLANG_WARN_OBJC_LITERAL_CONVERSION = YES;
				CLANG_WARN_OBJC_ROOT_CLASS = YES_ERROR;
				CLANG_WARN_RANGE_LOOP_ANALYSIS = YES;
				CLANG_WARN_STRICT_PROTOTYPES = YES;
				CLANG_WARN_SUSPICIOUS_MOVE = YES;
				CLANG_WARN_UNGUARDED_AVAILABILITY = YES_AGGRESSIVE;
				CLANG_WARN_UNREACHABLE_CODE = YES;
				CLANG_WARN__DUPLICATE_METHOD_MATCH = YES;
				CODE_SIGN_IDENTITY = "iPhone Developer";
				COPY_PHASE_STRIP = NO;
				DEBUG_INFORMATION_FORMAT = "dwarf-with-dsym";
				ENABLE_NS_ASSERTIONS = NO;
				ENABLE_STRICT_OBJC_MSGSEND = YES;
				GCC_C_LANGUAGE_STANDARD = gnu11;
				GCC_NO_COMMON_BLOCKS = YES;
				GCC_WARN_64_TO_32_BIT_CONVERSION = YES;
				GCC_WARN_ABOUT_RETURN_TYPE = YES_ERROR;
				GCC_WARN_UNDECLARED_SELECTOR = YES;
				GCC_WARN_UNINITIALIZED_AUTOS = YES_AGGRESSIVE;
				GCC_WARN_UNUSED_FUNCTION = YES;
				GCC_WARN_UNUSED_VARIABLE = YES;
				IPHONEOS_DEPLOYMENT_TARGET = 11.2;
				MTL_ENABLE_DEBUG_INFO = NO;
				SDKROOT = iphoneos;
				SWIFT_OPTIMIZATION_LEVEL = "-Owholemodule";
				VALIDATE_PRODUCT = YES;
			};
			name = Release;
		};
		9FD7A9DA1FE034AB00FA8227 /* Debug */ = {
			isa = XCBuildConfiguration;
			buildSettings = {
				ASSETCATALOG_COMPILER_APPICON_NAME = AppIcon;
				CODE_SIGN_STYLE = Automatic;
				INFOPLIST_FILE = SpaceDestroyer/Info.plist;
				IPHONEOS_DEPLOYMENT_TARGET = 10.0;
				LD_RUNPATH_SEARCH_PATHS = "$(inherited) @executable_path/Frameworks";
				PRODUCT_BUNDLE_IDENTIFIER = UTP.SpaceDestroyer;
				PRODUCT_NAME = "$(TARGET_NAME)";
				SWIFT_VERSION = 4.0;
				TARGETED_DEVICE_FAMILY = "1,2";
			};
			name = Debug;
		};
		9FD7A9DB1FE034AB00FA8227 /* Release */ = {
			isa = XCBuildConfiguration;
			buildSettings = {
				ASSETCATALOG_COMPILER_APPICON_NAME = AppIcon;
				CODE_SIGN_STYLE = Automatic;
				INFOPLIST_FILE = SpaceDestroyer/Info.plist;
				IPHONEOS_DEPLOYMENT_TARGET = 10.0;
				LD_RUNPATH_SEARCH_PATHS = "$(inherited) @executable_path/Frameworks";
				PRODUCT_BUNDLE_IDENTIFIER = UTP.SpaceDestroyer;
				PRODUCT_NAME = "$(TARGET_NAME)";
				SWIFT_VERSION = 4.0;
				TARGETED_DEVICE_FAMILY = "1,2";
			};
			name = Release;
		};
/* End XCBuildConfiguration section */

/* Begin XCConfigurationList section */
		9FD7A9A61FE034AB00FA8227 /* Build configuration list for PBXProject "SpaceDestroyer" */ = {
			isa = XCConfigurationList;
			buildConfigurations = (
				9FD7A9D71FE034AB00FA8227 /* Debug */,
				9FD7A9D81FE034AB00FA8227 /* Release */,
			);
			defaultConfigurationIsVisible = 0;
			defaultConfigurationName = Release;
		};
		9FD7A9D91FE034AB00FA8227 /* Build configuration list for PBXNativeTarget "SpaceDestroyer" */ = {
			isa = XCConfigurationList;
			buildConfigurations = (
				9FD7A9DA1FE034AB00FA8227 /* Debug */,
				9FD7A9DB1FE034AB00FA8227 /* Release */,
			);
			defaultConfigurationIsVisible = 0;
			defaultConfigurationName = Release;
		};
/* End XCConfigurationList section */
	};
	rootObject = 9FD7A9A31FE034AB00FA8227 /* Project object */;
}
